Microsoft Visual Studio Solution File, Format Version 12.00
# Visual Studio Version 17
VisualStudioVersion = 17.0.31314.256
MinimumVisualStudioVersion = 10.0.40219.1
Project("{2150E333-8FDC-42A3-9474-1A3956D46DE8}") = "Engine", "Engine", "{233774A8-CC9D-3FA9-86D1-90573E92B704}"
EndProject
Project("{8BC9CEB8-8B4A-11D0-8D11-00A0C91BC942}") = "UE5", "Intermediate\ProjectFiles\UE5.vcxproj", "{B2A4803A-1F54-3216-A32F-72840D59EA50}"
EndProject
Project("{2150E333-8FDC-42A3-9474-1A3956D46DE8}") = "Games", "Games", "{DE1F8B53-6C02-3C13-9101-A7C8D96F3FF6}"
EndProject
Project("{8BC9CEB8-8B4A-11D0-8D11-00A0C91BC942}") = "myGI", "Intermediate\ProjectFiles\myGI.vcxproj", "{B4DD2391-91CA-396B-B9FB-74CEE0445758}"
EndProject
Project("{2150E333-8FDC-42A3-9474-1A3956D46DE8}") = "Visualizers", "Visualizers", "{1CCEC849-CC72-4C59-8C36-2F7C38706D4C}"
	ProjectSection(SolutionItems) = preProject
		D:\unreal\UnrealEngine\Engine\Extras\VisualStudioDebugging\Unreal.natvis = D:\unreal\UnrealEngine\Engine\Extras\VisualStudioDebugging\Unreal.natvis
		D:\unreal\UnrealEngine\Engine\Extras\VisualStudioDebugging\Unreal.natstepfilter = D:\unreal\UnrealEngine\Engine\Extras\VisualStudioDebugging\Unreal.natstepfilter
		D:\unreal\UnrealEngine\Engine\Extras\VisualStudioDebugging\Unreal.natjmc = D:\unreal\UnrealEngine\Engine\Extras\VisualStudioDebugging\Unreal.natjmc
	EndProjectSection
EndProject
Global
	GlobalSection(SolutionConfigurationPlatforms) = preSolution
		Debug Client|Win64 = Debug Client|Win64
		Debug Client|Win64-arm64 = Debug Client|Win64-arm64
		Debug Client|Win64-arm64ec = Debug Client|Win64-arm64ec
		Debug Editor|Win64 = Debug Editor|Win64
		Debug Editor|Win64-arm64 = Debug Editor|Win64-arm64
		Debug Editor|Win64-arm64ec = Debug Editor|Win64-arm64ec
		Debug Server|Win64 = Debug Server|Win64
		Debug Server|Win64-arm64 = Debug Server|Win64-arm64
		Debug Server|Win64-arm64ec = Debug Server|Win64-arm64ec
		DebugGame Client|Win64 = DebugGame Client|Win64
		DebugGame Client|Win64-arm64 = DebugGame Client|Win64-arm64
		DebugGame Client|Win64-arm64ec = DebugGame Client|Win64-arm64ec
		DebugGame Editor|Win64 = DebugGame Editor|Win64
		DebugGame Editor|Win64-arm64 = DebugGame Editor|Win64-arm64
		DebugGame Editor|Win64-arm64ec = DebugGame Editor|Win64-arm64ec
		DebugGame Server|Win64 = DebugGame Server|Win64
		DebugGame Server|Win64-arm64 = DebugGame Server|Win64-arm64
		DebugGame Server|Win64-arm64ec = DebugGame Server|Win64-arm64ec
		DebugGame|Win64 = DebugGame|Win64
		DebugGame|Win64-arm64 = DebugGame|Win64-arm64
		DebugGame|Win64-arm64ec = DebugGame|Win64-arm64ec
		Debug|Win64 = Debug|Win64
		Debug|Win64-arm64 = Debug|Win64-arm64
		Debug|Win64-arm64ec = Debug|Win64-arm64ec
		Development Client|Win64 = Development Client|Win64
		Development Client|Win64-arm64 = Development Client|Win64-arm64
		Development Client|Win64-arm64ec = Development Client|Win64-arm64ec
		Development Editor|Win64 = Development Editor|Win64
		Development Editor|Win64-arm64 = Development Editor|Win64-arm64
		Development Editor|Win64-arm64ec = Development Editor|Win64-arm64ec
		Development Server|Win64 = Development Server|Win64
		Development Server|Win64-arm64 = Development Server|Win64-arm64
		Development Server|Win64-arm64ec = Development Server|Win64-arm64ec
		Development|Win64 = Development|Win64
		Development|Win64-arm64 = Development|Win64-arm64
		Development|Win64-arm64ec = Development|Win64-arm64ec
		Shipping Client|Win64 = Shipping Client|Win64
		Shipping Client|Win64-arm64 = Shipping Client|Win64-arm64
		Shipping Client|Win64-arm64ec = Shipping Client|Win64-arm64ec
		Shipping Server|Win64 = Shipping Server|Win64
		Shipping Server|Win64-arm64 = Shipping Server|Win64-arm64
		Shipping Server|Win64-arm64ec = Shipping Server|Win64-arm64ec
		Shipping|Win64 = Shipping|Win64
		Shipping|Win64-arm64 = Shipping|Win64-arm64
		Shipping|Win64-arm64ec = Shipping|Win64-arm64ec
		Test Client|Win64 = Test Client|Win64
		Test Client|Win64-arm64 = Test Client|Win64-arm64
		Test Client|Win64-arm64ec = Test Client|Win64-arm64ec
		Test Server|Win64 = Test Server|Win64
		Test Server|Win64-arm64 = Test Server|Win64-arm64
		Test Server|Win64-arm64ec = Test Server|Win64-arm64ec
		Test|Win64 = Test|Win64
		Test|Win64-arm64 = Test|Win64-arm64
		Test|Win64-arm64ec = Test|Win64-arm64ec
	EndGlobalSection
	GlobalSection(ProjectConfigurationPlatforms) = postSolution
		{B2A4803A-1F54-3216-A32F-72840D59EA50}.Debug Client|Win64.ActiveCfg = Debug_Client|x64
		{B2A4803A-1F54-3216-A32F-72840D59EA50}.Debug Client|Win64.Build.0 = Debug_Client|x64
		{B2A4803A-1F54-3216-A32F-72840D59EA50}.Debug Client|Win64-arm64.ActiveCfg = Win64_arm64_Debug_Client|x64
		{B2A4803A-1F54-3216-A32F-72840D59EA50}.Debug Client|Win64-arm64.Build.0 = Win64_arm64_Debug_Client|x64
		{B2A4803A-1F54-3216-A32F-72840D59EA50}.Debug Client|Win64-arm64ec.ActiveCfg = Win64_arm64ec_Debug_Client|x64
		{B2A4803A-1F54-3216-A32F-72840D59EA50}.Debug Client|Win64-arm64ec.Build.0 = Win64_arm64ec_Debug_Client|x64
		{B2A4803A-1F54-3216-A32F-72840D59EA50}.Debug Editor|Win64.ActiveCfg = Debug_Editor|x64
		{B2A4803A-1F54-3216-A32F-72840D59EA50}.Debug Editor|Win64.Build.0 = Debug_Editor|x64
		{B2A4803A-1F54-3216-A32F-72840D59EA50}.Debug Editor|Win64-arm64.ActiveCfg = Win64_arm64_Debug_Editor|x64
		{B2A4803A-1F54-3216-A32F-72840D59EA50}.Debug Editor|Win64-arm64.Build.0 = Win64_arm64_Debug_Editor|x64
		{B2A4803A-1F54-3216-A32F-72840D59EA50}.Debug Editor|Win64-arm64ec.ActiveCfg = Win64_arm64ec_Debug_Editor|x64
		{B2A4803A-1F54-3216-A32F-72840D59EA50}.Debug Editor|Win64-arm64ec.Build.0 = Win64_arm64ec_Debug_Editor|x64
		{B2A4803A-1F54-3216-A32F-72840D59EA50}.Debug Server|Win64.ActiveCfg = Debug_Server|x64
		{B2A4803A-1F54-3216-A32F-72840D59EA50}.Debug Server|Win64.Build.0 = Debug_Server|x64
		{B2A4803A-1F54-3216-A32F-72840D59EA50}.Debug Server|Win64-arm64.ActiveCfg = Win64_arm64_Debug_Server|x64
		{B2A4803A-1F54-3216-A32F-72840D59EA50}.Debug Server|Win64-arm64.Build.0 = Win64_arm64_Debug_Server|x64
		{B2A4803A-1F54-3216-A32F-72840D59EA50}.Debug Server|Win64-arm64ec.ActiveCfg = Win64_arm64ec_Debug_Server|x64
		{B2A4803A-1F54-3216-A32F-72840D59EA50}.Debug Server|Win64-arm64ec.Build.0 = Win64_arm64ec_Debug_Server|x64
		{B2A4803A-1F54-3216-A32F-72840D59EA50}.DebugGame Client|Win64.ActiveCfg = DebugGame_Client|x64
		{B2A4803A-1F54-3216-A32F-72840D59EA50}.DebugGame Client|Win64.Build.0 = DebugGame_Client|x64
		{B2A4803A-1F54-3216-A32F-72840D59EA50}.DebugGame Client|Win64-arm64.ActiveCfg = Win64_arm64_DebugGame_Client|x64
		{B2A4803A-1F54-3216-A32F-72840D59EA50}.DebugGame Client|Win64-arm64.Build.0 = Win64_arm64_DebugGame_Client|x64
		{B2A4803A-1F54-3216-A32F-72840D59EA50}.DebugGame Client|Win64-arm64ec.ActiveCfg = Win64_arm64ec_DebugGame_Client|x64
		{B2A4803A-1F54-3216-A32F-72840D59EA50}.DebugGame Client|Win64-arm64ec.Build.0 = Win64_arm64ec_DebugGame_Client|x64
		{B2A4803A-1F54-3216-A32F-72840D59EA50}.DebugGame Editor|Win64.ActiveCfg = DebugGame_Editor|x64
		{B2A4803A-1F54-3216-A32F-72840D59EA50}.DebugGame Editor|Win64.Build.0 = DebugGame_Editor|x64
		{B2A4803A-1F54-3216-A32F-72840D59EA50}.DebugGame Editor|Win64-arm64.ActiveCfg = Win64_arm64_DebugGame_Editor|x64
		{B2A4803A-1F54-3216-A32F-72840D59EA50}.DebugGame Editor|Win64-arm64.Build.0 = Win64_arm64_DebugGame_Editor|x64
		{B2A4803A-1F54-3216-A32F-72840D59EA50}.DebugGame Editor|Win64-arm64ec.ActiveCfg = Win64_arm64ec_DebugGame_Editor|x64
		{B2A4803A-1F54-3216-A32F-72840D59EA50}.DebugGame Editor|Win64-arm64ec.Build.0 = Win64_arm64ec_DebugGame_Editor|x64
		{B2A4803A-1F54-3216-A32F-72840D59EA50}.DebugGame Server|Win64.ActiveCfg = DebugGame_Server|x64
		{B2A4803A-1F54-3216-A32F-72840D59EA50}.DebugGame Server|Win64.Build.0 = DebugGame_Server|x64
		{B2A4803A-1F54-3216-A32F-72840D59EA50}.DebugGame Server|Win64-arm64.ActiveCfg = Win64_arm64_DebugGame_Server|x64
		{B2A4803A-1F54-3216-A32F-72840D59EA50}.DebugGame Server|Win64-arm64.Build.0 = Win64_arm64_DebugGame_Server|x64
		{B2A4803A-1F54-3216-A32F-72840D59EA50}.DebugGame Server|Win64-arm64ec.ActiveCfg = Win64_arm64ec_DebugGame_Server|x64
		{B2A4803A-1F54-3216-A32F-72840D59EA50}.DebugGame Server|Win64-arm64ec.Build.0 = Win64_arm64ec_DebugGame_Server|x64
		{B2A4803A-1F54-3216-A32F-72840D59EA50}.DebugGame|Win64.ActiveCfg = DebugGame|x64
		{B2A4803A-1F54-3216-A32F-72840D59EA50}.DebugGame|Win64.Build.0 = DebugGame|x64
		{B2A4803A-1F54-3216-A32F-72840D59EA50}.DebugGame|Win64-arm64.ActiveCfg = Win64_arm64_DebugGame|x64
		{B2A4803A-1F54-3216-A32F-72840D59EA50}.DebugGame|Win64-arm64.Build.0 = Win64_arm64_DebugGame|x64
		{B2A4803A-1F54-3216-A32F-72840D59EA50}.DebugGame|Win64-arm64ec.ActiveCfg = Win64_arm64ec_DebugGame|x64
		{B2A4803A-1F54-3216-A32F-72840D59EA50}.DebugGame|Win64-arm64ec.Build.0 = Win64_arm64ec_DebugGame|x64
		{B2A4803A-1F54-3216-A32F-72840D59EA50}.Debug|Win64.ActiveCfg = Debug|x64
		{B2A4803A-1F54-3216-A32F-72840D59EA50}.Debug|Win64.Build.0 = Debug|x64
		{B2A4803A-1F54-3216-A32F-72840D59EA50}.Debug|Win64-arm64.ActiveCfg = Win64_arm64_Debug|x64
		{B2A4803A-1F54-3216-A32F-72840D59EA50}.Debug|Win64-arm64.Build.0 = Win64_arm64_Debug|x64
		{B2A4803A-1F54-3216-A32F-72840D59EA50}.Debug|Win64-arm64ec.ActiveCfg = Win64_arm64ec_Debug|x64
		{B2A4803A-1F54-3216-A32F-72840D59EA50}.Debug|Win64-arm64ec.Build.0 = Win64_arm64ec_Debug|x64
		{B2A4803A-1F54-3216-A32F-72840D59EA50}.Development Client|Win64.ActiveCfg = Development_Client|x64
		{B2A4803A-1F54-3216-A32F-72840D59EA50}.Development Client|Win64.Build.0 = Development_Client|x64
		{B2A4803A-1F54-3216-A32F-72840D59EA50}.Development Client|Win64-arm64.ActiveCfg = Win64_arm64_Development_Client|x64
		{B2A4803A-1F54-3216-A32F-72840D59EA50}.Development Client|Win64-arm64.Build.0 = Win64_arm64_Development_Client|x64
		{B2A4803A-1F54-3216-A32F-72840D59EA50}.Development Client|Win64-arm64ec.ActiveCfg = Win64_arm64ec_Development_Client|x64
		{B2A4803A-1F54-3216-A32F-72840D59EA50}.Development Client|Win64-arm64ec.Build.0 = Win64_arm64ec_Development_Client|x64
		{B2A4803A-1F54-3216-A32F-72840D59EA50}.Development Editor|Win64.ActiveCfg = Development_Editor|x64
		{B2A4803A-1F54-3216-A32F-72840D59EA50}.Development Editor|Win64.Build.0 = Development_Editor|x64
		{B2A4803A-1F54-3216-A32F-72840D59EA50}.Development Editor|Win64-arm64.ActiveCfg = Win64_arm64_Development_Editor|x64
		{B2A4803A-1F54-3216-A32F-72840D59EA50}.Development Editor|Win64-arm64.Build.0 = Win64_arm64_Development_Editor|x64
		{B2A4803A-1F54-3216-A32F-72840D59EA50}.Development Editor|Win64-arm64ec.ActiveCfg = Win64_arm64ec_Development_Editor|x64
		{B2A4803A-1F54-3216-A32F-72840D59EA50}.Development Editor|Win64-arm64ec.Build.0 = Win64_arm64ec_Development_Editor|x64
		{B2A4803A-1F54-3216-A32F-72840D59EA50}.Development Server|Win64.ActiveCfg = Development_Server|x64
		{B2A4803A-1F54-3216-A32F-72840D59EA50}.Development Server|Win64.Build.0 = Development_Server|x64
		{B2A4803A-1F54-3216-A32F-72840D59EA50}.Development Server|Win64-arm64.ActiveCfg = Win64_arm64_Development_Server|x64
		{B2A4803A-1F54-3216-A32F-72840D59EA50}.Development Server|Win64-arm64.Build.0 = Win64_arm64_Development_Server|x64
		{B2A4803A-1F54-3216-A32F-72840D59EA50}.Development Server|Win64-arm64ec.ActiveCfg = Win64_arm64ec_Development_Server|x64
		{B2A4803A-1F54-3216-A32F-72840D59EA50}.Development Server|Win64-arm64ec.Build.0 = Win64_arm64ec_Development_Server|x64
		{B2A4803A-1F54-3216-A32F-72840D59EA50}.Development|Win64.ActiveCfg = Development|x64
		{B2A4803A-1F54-3216-A32F-72840D59EA50}.Development|Win64.Build.0 = Development|x64
		{B2A4803A-1F54-3216-A32F-72840D59EA50}.Development|Win64-arm64.ActiveCfg = Win64_arm64_Development|x64
		{B2A4803A-1F54-3216-A32F-72840D59EA50}.Development|Win64-arm64.Build.0 = Win64_arm64_Development|x64
		{B2A4803A-1F54-3216-A32F-72840D59EA50}.Development|Win64-arm64ec.ActiveCfg = Win64_arm64ec_Development|x64
		{B2A4803A-1F54-3216-A32F-72840D59EA50}.Development|Win64-arm64ec.Build.0 = Win64_arm64ec_Development|x64
		{B2A4803A-1F54-3216-A32F-72840D59EA50}.Shipping Client|Win64.ActiveCfg = Shipping_Client|x64
		{B2A4803A-1F54-3216-A32F-72840D59EA50}.Shipping Client|Win64.Build.0 = Shipping_Client|x64
		{B2A4803A-1F54-3216-A32F-72840D59EA50}.Shipping Client|Win64-arm64.ActiveCfg = Win64_arm64_Shipping_Client|x64
		{B2A4803A-1F54-3216-A32F-72840D59EA50}.Shipping Client|Win64-arm64.Build.0 = Win64_arm64_Shipping_Client|x64
		{B2A4803A-1F54-3216-A32F-72840D59EA50}.Shipping Client|Win64-arm64ec.ActiveCfg = Win64_arm64ec_Shipping_Client|x64
		{B2A4803A-1F54-3216-A32F-72840D59EA50}.Shipping Client|Win64-arm64ec.Build.0 = Win64_arm64ec_Shipping_Client|x64
		{B2A4803A-1F54-3216-A32F-72840D59EA50}.Shipping Server|Win64.ActiveCfg = Shipping_Server|x64
		{B2A4803A-1F54-3216-A32F-72840D59EA50}.Shipping Server|Win64.Build.0 = Shipping_Server|x64
		{B2A4803A-1F54-3216-A32F-72840D59EA50}.Shipping Server|Win64-arm64.ActiveCfg = Win64_arm64_Shipping_Server|x64
		{B2A4803A-1F54-3216-A32F-72840D59EA50}.Shipping Server|Win64-arm64.Build.0 = Win64_arm64_Shipping_Server|x64
		{B2A4803A-1F54-3216-A32F-72840D59EA50}.Shipping Server|Win64-arm64ec.ActiveCfg = Win64_arm64ec_Shipping_Server|x64
		{B2A4803A-1F54-3216-A32F-72840D59EA50}.Shipping Server|Win64-arm64ec.Build.0 = Win64_arm64ec_Shipping_Server|x64
		{B2A4803A-1F54-3216-A32F-72840D59EA50}.Shipping|Win64.ActiveCfg = Shipping|x64
		{B2A4803A-1F54-3216-A32F-72840D59EA50}.Shipping|Win64.Build.0 = Shipping|x64
		{B2A4803A-1F54-3216-A32F-72840D59EA50}.Shipping|Win64-arm64.ActiveCfg = Win64_arm64_Shipping|x64
		{B2A4803A-1F54-3216-A32F-72840D59EA50}.Shipping|Win64-arm64.Build.0 = Win64_arm64_Shipping|x64
		{B2A4803A-1F54-3216-A32F-72840D59EA50}.Shipping|Win64-arm64ec.ActiveCfg = Win64_arm64ec_Shipping|x64
		{B2A4803A-1F54-3216-A32F-72840D59EA50}.Shipping|Win64-arm64ec.Build.0 = Win64_arm64ec_Shipping|x64
		{B2A4803A-1F54-3216-A32F-72840D59EA50}.Test Client|Win64.ActiveCfg = Test_Client|x64
		{B2A4803A-1F54-3216-A32F-72840D59EA50}.Test Client|Win64.Build.0 = Test_Client|x64
		{B2A4803A-1F54-3216-A32F-72840D59EA50}.Test Client|Win64-arm64.ActiveCfg = Win64_arm64_Test_Client|x64
		{B2A4803A-1F54-3216-A32F-72840D59EA50}.Test Client|Win64-arm64.Build.0 = Win64_arm64_Test_Client|x64
		{B2A4803A-1F54-3216-A32F-72840D59EA50}.Test Client|Win64-arm64ec.ActiveCfg = Win64_arm64ec_Test_Client|x64
		{B2A4803A-1F54-3216-A32F-72840D59EA50}.Test Client|Win64-arm64ec.Build.0 = Win64_arm64ec_Test_Client|x64
		{B2A4803A-1F54-3216-A32F-72840D59EA50}.Test Server|Win64.ActiveCfg = Test_Server|x64
		{B2A4803A-1F54-3216-A32F-72840D59EA50}.Test Server|Win64.Build.0 = Test_Server|x64
		{B2A4803A-1F54-3216-A32F-72840D59EA50}.Test Server|Win64-arm64.ActiveCfg = Win64_arm64_Test_Server|x64
		{B2A4803A-1F54-3216-A32F-72840D59EA50}.Test Server|Win64-arm64.Build.0 = Win64_arm64_Test_Server|x64
		{B2A4803A-1F54-3216-A32F-72840D59EA50}.Test Server|Win64-arm64ec.ActiveCfg = Win64_arm64ec_Test_Server|x64
		{B2A4803A-1F54-3216-A32F-72840D59EA50}.Test Server|Win64-arm64ec.Build.0 = Win64_arm64ec_Test_Server|x64
		{B2A4803A-1F54-3216-A32F-72840D59EA50}.Test|Win64.ActiveCfg = Test|x64
		{B2A4803A-1F54-3216-A32F-72840D59EA50}.Test|Win64.Build.0 = Test|x64
		{B2A4803A-1F54-3216-A32F-72840D59EA50}.Test|Win64-arm64.ActiveCfg = Win64_arm64_Test|x64
		{B2A4803A-1F54-3216-A32F-72840D59EA50}.Test|Win64-arm64.Build.0 = Win64_arm64_Test|x64
		{B2A4803A-1F54-3216-A32F-72840D59EA50}.Test|Win64-arm64ec.ActiveCfg = Win64_arm64ec_Test|x64
		{B2A4803A-1F54-3216-A32F-72840D59EA50}.Test|Win64-arm64ec.Build.0 = Win64_arm64ec_Test|x64
		{B4DD2391-91CA-396B-B9FB-74CEE0445758}.Debug Client|Win64.ActiveCfg = Invalid|x64
		{B4DD2391-91CA-396B-B9FB-74CEE0445758}.Debug Client|Win64-arm64.ActiveCfg = Invalid|x64
		{B4DD2391-91CA-396B-B9FB-74CEE0445758}.Debug Client|Win64-arm64ec.ActiveCfg = Invalid|x64
		{B4DD2391-91CA-396B-B9FB-74CEE0445758}.Debug Editor|Win64.ActiveCfg = Debug_Editor|x64
		{B4DD2391-91CA-396B-B9FB-74CEE0445758}.Debug Editor|Win64.Build.0 = Debug_Editor|x64
		{B4DD2391-91CA-396B-B9FB-74CEE0445758}.Debug Editor|Win64-arm64.ActiveCfg = Win64_arm64_Debug_Editor|x64
		{B4DD2391-91CA-396B-B9FB-74CEE0445758}.Debug Editor|Win64-arm64.Build.0 = Win64_arm64_Debug_Editor|x64
		{B4DD2391-91CA-396B-B9FB-74CEE0445758}.Debug Editor|Win64-arm64ec.ActiveCfg = Win64_arm64ec_Debug_Editor|x64
		{B4DD2391-91CA-396B-B9FB-74CEE0445758}.Debug Editor|Win64-arm64ec.Build.0 = Win64_arm64ec_Debug_Editor|x64
		{B4DD2391-91CA-396B-B9FB-74CEE0445758}.Debug Server|Win64.ActiveCfg = Invalid|x64
		{B4DD2391-91CA-396B-B9FB-74CEE0445758}.Debug Server|Win64-arm64.ActiveCfg = Invalid|x64
		{B4DD2391-91CA-396B-B9FB-74CEE0445758}.Debug Server|Win64-arm64ec.ActiveCfg = Invalid|x64
		{B4DD2391-91CA-396B-B9FB-74CEE0445758}.DebugGame Client|Win64.ActiveCfg = Invalid|x64
		{B4DD2391-91CA-396B-B9FB-74CEE0445758}.DebugGame Client|Win64-arm64.ActiveCfg = Invalid|x64
		{B4DD2391-91CA-396B-B9FB-74CEE0445758}.DebugGame Client|Win64-arm64ec.ActiveCfg = Invalid|x64
		{B4DD2391-91CA-396B-B9FB-74CEE0445758}.DebugGame Editor|Win64.ActiveCfg = DebugGame_Editor|x64
		{B4DD2391-91CA-396B-B9FB-74CEE0445758}.DebugGame Editor|Win64.Build.0 = DebugGame_Editor|x64
		{B4DD2391-91CA-396B-B9FB-74CEE0445758}.DebugGame Editor|Win64-arm64.ActiveCfg = Win64_arm64_DebugGame_Editor|x64
		{B4DD2391-91CA-396B-B9FB-74CEE0445758}.DebugGame Editor|Win64-arm64.Build.0 = Win64_arm64_DebugGame_Editor|x64
		{B4DD2391-91CA-396B-B9FB-74CEE0445758}.DebugGame Editor|Win64-arm64ec.ActiveCfg = Win64_arm64ec_DebugGame_Editor|x64
		{B4DD2391-91CA-396B-B9FB-74CEE0445758}.DebugGame Editor|Win64-arm64ec.Build.0 = Win64_arm64ec_DebugGame_Editor|x64
		{B4DD2391-91CA-396B-B9FB-74CEE0445758}.DebugGame Server|Win64.ActiveCfg = Invalid|x64
		{B4DD2391-91CA-396B-B9FB-74CEE0445758}.DebugGame Server|Win64-arm64.ActiveCfg = Invalid|x64
		{B4DD2391-91CA-396B-B9FB-74CEE0445758}.DebugGame Server|Win64-arm64ec.ActiveCfg = Invalid|x64
		{B4DD2391-91CA-396B-B9FB-74CEE0445758}.DebugGame|Win64.ActiveCfg = DebugGame|x64
		{B4DD2391-91CA-396B-B9FB-74CEE0445758}.DebugGame|Win64.Build.0 = DebugGame|x64
		{B4DD2391-91CA-396B-B9FB-74CEE0445758}.DebugGame|Win64-arm64.ActiveCfg = Win64_arm64_DebugGame|x64
		{B4DD2391-91CA-396B-B9FB-74CEE0445758}.DebugGame|Win64-arm64.Build.0 = Win64_arm64_DebugGame|x64
		{B4DD2391-91CA-396B-B9FB-74CEE0445758}.DebugGame|Win64-arm64ec.ActiveCfg = Win64_arm64ec_DebugGame|x64
		{B4DD2391-91CA-396B-B9FB-74CEE0445758}.DebugGame|Win64-arm64ec.Build.0 = Win64_arm64ec_DebugGame|x64
		{B4DD2391-91CA-396B-B9FB-74CEE0445758}.Debug|Win64.ActiveCfg = Debug|x64
		{B4DD2391-91CA-396B-B9FB-74CEE0445758}.Debug|Win64.Build.0 = Debug|x64
		{B4DD2391-91CA-396B-B9FB-74CEE0445758}.Debug|Win64-arm64.ActiveCfg = Win64_arm64_Debug|x64
		{B4DD2391-91CA-396B-B9FB-74CEE0445758}.Debug|Win64-arm64.Build.0 = Win64_arm64_Debug|x64
		{B4DD2391-91CA-396B-B9FB-74CEE0445758}.Debug|Win64-arm64ec.ActiveCfg = Win64_arm64ec_Debug|x64
		{B4DD2391-91CA-396B-B9FB-74CEE0445758}.Debug|Win64-arm64ec.Build.0 = Win64_arm64ec_Debug|x64
		{B4DD2391-91CA-396B-B9FB-74CEE0445758}.Development Client|Win64.ActiveCfg = Invalid|x64
		{B4DD2391-91CA-396B-B9FB-74CEE0445758}.Development Client|Win64-arm64.ActiveCfg = Invalid|x64
		{B4DD2391-91CA-396B-B9FB-74CEE0445758}.Development Client|Win64-arm64ec.ActiveCfg = Invalid|x64
		{B4DD2391-91CA-396B-B9FB-74CEE0445758}.Development Editor|Win64.ActiveCfg = Development_Editor|x64
		{B4DD2391-91CA-396B-B9FB-74CEE0445758}.Development Editor|Win64.Build.0 = Development_Editor|x64
		{B4DD2391-91CA-396B-B9FB-74CEE0445758}.Development Editor|Win64-arm64.ActiveCfg = Win64_arm64_Development_Editor|x64
		{B4DD2391-91CA-396B-B9FB-74CEE0445758}.Development Editor|Win64-arm64.Build.0 = Win64_arm64_Development_Editor|x64
		{B4DD2391-91CA-396B-B9FB-74CEE0445758}.Development Editor|Win64-arm64ec.ActiveCfg = Win64_arm64ec_Development_Editor|x64
		{B4DD2391-91CA-396B-B9FB-74CEE0445758}.Development Editor|Win64-arm64ec.Build.0 = Win64_arm64ec_Development_Editor|x64
		{B4DD2391-91CA-396B-B9FB-74CEE0445758}.Development Server|Win64.ActiveCfg = Invalid|x64
		{B4DD2391-91CA-396B-B9FB-74CEE0445758}.Development Server|Win64-arm64.ActiveCfg = Invalid|x64
		{B4DD2391-91CA-396B-B9FB-74CEE0445758}.Development Server|Win64-arm64ec.ActiveCfg = Invalid|x64
		{B4DD2391-91CA-396B-B9FB-74CEE0445758}.Development|Win64.ActiveCfg = Development|x64
		{B4DD2391-91CA-396B-B9FB-74CEE0445758}.Development|Win64.Build.0 = Development|x64
		{B4DD2391-91CA-396B-B9FB-74CEE0445758}.Development|Win64-arm64.ActiveCfg = Win64_arm64_Development|x64
		{B4DD2391-91CA-396B-B9FB-74CEE0445758}.Development|Win64-arm64.Build.0 = Win64_arm64_Development|x64
		{B4DD2391-91CA-396B-B9FB-74CEE0445758}.Development|Win64-arm64ec.ActiveCfg = Win64_arm64ec_Development|x64
		{B4DD2391-91CA-396B-B9FB-74CEE0445758}.Development|Win64-arm64ec.Build.0 = Win64_arm64ec_Development|x64
		{B4DD2391-91CA-396B-B9FB-74CEE0445758}.Shipping Client|Win64.ActiveCfg = Invalid|x64
		{B4DD2391-91CA-396B-B9FB-74CEE0445758}.Shipping Client|Win64-arm64.ActiveCfg = Invalid|x64
		{B4DD2391-91CA-396B-B9FB-74CEE0445758}.Shipping Client|Win64-arm64ec.ActiveCfg = Invalid|x64
		{B4DD2391-91CA-396B-B9FB-74CEE0445758}.Shipping Server|Win64.ActiveCfg = Invalid|x64
		{B4DD2391-91CA-396B-B9FB-74CEE0445758}.Shipping Server|Win64-arm64.ActiveCfg = Invalid|x64
		{B4DD2391-91CA-396B-B9FB-74CEE0445758}.Shipping Server|Win64-arm64ec.ActiveCfg = Invalid|x64
		{B4DD2391-91CA-396B-B9FB-74CEE0445758}.Shipping|Win64.ActiveCfg = Shipping|x64
		{B4DD2391-91CA-396B-B9FB-74CEE0445758}.Shipping|Win64.Build.0 = Shipping|x64
		{B4DD2391-91CA-396B-B9FB-74CEE0445758}.Shipping|Win64-arm64.ActiveCfg = Win64_arm64_Shipping|x64
		{B4DD2391-91CA-396B-B9FB-74CEE0445758}.Shipping|Win64-arm64.Build.0 = Win64_arm64_Shipping|x64
		{B4DD2391-91CA-396B-B9FB-74CEE0445758}.Shipping|Win64-arm64ec.ActiveCfg = Win64_arm64ec_Shipping|x64
		{B4DD2391-91CA-396B-B9FB-74CEE0445758}.Shipping|Win64-arm64ec.Build.0 = Win64_arm64ec_Shipping|x64
		{B4DD2391-91CA-396B-B9FB-74CEE0445758}.Test Client|Win64.ActiveCfg = Invalid|x64
		{B4DD2391-91CA-396B-B9FB-74CEE0445758}.Test Client|Win64-arm64.ActiveCfg = Invalid|x64
		{B4DD2391-91CA-396B-B9FB-74CEE0445758}.Test Client|Win64-arm64ec.ActiveCfg = Invalid|x64
		{B4DD2391-91CA-396B-B9FB-74CEE0445758}.Test Server|Win64.ActiveCfg = Invalid|x64
		{B4DD2391-91CA-396B-B9FB-74CEE0445758}.Test Server|Win64-arm64.ActiveCfg = Invalid|x64
		{B4DD2391-91CA-396B-B9FB-74CEE0445758}.Test Server|Win64-arm64ec.ActiveCfg = Invalid|x64
		{B4DD2391-91CA-396B-B9FB-74CEE0445758}.Test|Win64.ActiveCfg = Test|x64
		{B4DD2391-91CA-396B-B9FB-74CEE0445758}.Test|Win64.Build.0 = Test|x64
		{B4DD2391-91CA-396B-B9FB-74CEE0445758}.Test|Win64-arm64.ActiveCfg = Win64_arm64_Test|x64
		{B4DD2391-91CA-396B-B9FB-74CEE0445758}.Test|Win64-arm64.Build.0 = Win64_arm64_Test|x64
		{B4DD2391-91CA-396B-B9FB-74CEE0445758}.Test|Win64-arm64ec.ActiveCfg = Win64_arm64ec_Test|x64
		{B4DD2391-91CA-396B-B9FB-74CEE0445758}.Test|Win64-arm64ec.Build.0 = Win64_arm64ec_Test|x64
	EndGlobalSection
	GlobalSection(SolutionProperties) = preSolution
		HideSolutionNode = FALSE
	EndGlobalSection
	GlobalSection(NestedProjects) = preSolution
		{B2A4803A-1F54-3216-A32F-72840D59EA50} = {233774A8-CC9D-3FA9-86D1-90573E92B704}
		{B4DD2391-91CA-396B-B9FB-74CEE0445758} = {DE1F8B53-6C02-3C13-9101-A7C8D96F3FF6}
	EndGlobalSection
	GlobalSection(ddbf523f-7eb6-4887-bd51-85a714ff87eb) = preSolution
		AvailablePlatforms = Win64
	EndGlobalSection
EndGlobal
